
Microsoft Visual Studio Solution File, Format Version 12.00
# Visual Studio Version 17
VisualStudioVersion = 17.2.32505.173
MinimumVisualStudioVersion = 10.0.40219.1
Project("{FAE04EC0-301F-11D3-BF4B-00C04F79EFBC}") = "SavedRoutes.Domain", "SavedRoutes.Domain\SavedRoutes.Domain.csproj", "{02299EC5-DB20-451D-804F-99977E0D718E}"
EndProject
Project("{2150E333-8FDC-42A3-9474-1A3956D46DE8}") = "Solution Items", "Solution Items", "{AC89CFFF-5E12-4CC2-AFED-BF45938DA126}"
	ProjectSection(SolutionItems) = preProject
		Readme.md = Readme.md
	EndProjectSection
EndProject
Global
	GlobalSection(SolutionConfigurationPlatforms) = preSolution
		Debug|Any CPU = Debug|Any CPU
		Release|Any CPU = Release|Any CPU
	EndGlobalSection
	GlobalSection(ProjectConfigurationPlatforms) = postSolution
		{02299EC5-DB20-451D-804F-99977E0D718E}.Debug|Any CPU.ActiveCfg = Debug|Any CPU
		{02299EC5-DB20-451D-804F-99977E0D718E}.Debug|Any CPU.Build.0 = Debug|Any CPU
		{02299EC5-DB20-451D-804F-99977E0D718E}.Release|Any CPU.ActiveCfg = Release|Any CPU
		{02299EC5-DB20-451D-804F-99977E0D718E}.Release|Any CPU.Build.0 = Release|Any CPU
	EndGlobalSection
	GlobalSection(SolutionProperties) = preSolution
		HideSolutionNode = FALSE
	EndGlobalSection
	GlobalSection(ExtensibilityGlobals) = postSolution
		SolutionGuid = {5B9A0F35-18F7-40CF-A17D-EEE74F01AEA9}
	EndGlobalSection
EndGlobal
